
Microsoft Visual Studio Solution File, Format Version 12.00
# Visual Studio Version 17
VisualStudioVersion = 17.3.32922.545
MinimumVisualStudioVersion = 10.0.40219.1
Project("{FAE04EC0-301F-11D3-BF4B-00C04F79EFBC}") = "Softtube_TestCode_MVC", "Softtube_TestCode_MVC\Softtube_TestCode_MVC.csproj", "{37E75151-B698-4BD7-AC4A-BD6C6E8B5DDD}"
EndProject
Global
	GlobalSection(SolutionConfigurationPlatforms) = preSolution
		Debug|Any CPU = Debug|Any CPU
		Release|Any CPU = Release|Any CPU
	EndGlobalSection
	GlobalSection(ProjectConfigurationPlatforms) = postSolution
		{37E75151-B698-4BD7-AC4A-BD6C6E8B5DDD}.Debug|Any CPU.ActiveCfg = Debug|Any CPU
		{37E75151-B698-4BD7-AC4A-BD6C6E8B5DDD}.Debug|Any CPU.Build.0 = Debug|Any CPU
		{37E75151-B698-4BD7-AC4A-BD6C6E8B5DDD}.Release|Any CPU.ActiveCfg = Release|Any CPU
		{37E75151-B698-4BD7-AC4A-BD6C6E8B5DDD}.Release|Any CPU.Build.0 = Release|Any CPU
	EndGlobalSection
	GlobalSection(SolutionProperties) = preSolution
		HideSolutionNode = FALSE
	EndGlobalSection
	GlobalSection(ExtensibilityGlobals) = postSolution
		SolutionGuid = {010D7ABE-1278-4088-818D-7601DAF232ED}
	EndGlobalSection
EndGlobal
